# This file is automatically @generated by Cargo.
# It is not intended for manual editing.
[[package]]
name = "bitflags"
version = "0.1.1"
source = "registry+https://github.com/rust-lang/crates.io-index"
checksum = "2a6577517ecd0ee0934f48a7295a89aaef3e6dfafeac404f94c0b3448518ddfe"

[[package]]
name = "cc"
version = "1.0.58"
source = "registry+https://github.com/rust-lang/crates.io-index"
checksum = "f9a06fb2e53271d7c279ec1efea6ab691c35a2ae67ec0d91d7acec0caf13b518"

[[package]]
name = "chiptune"
version = "0.0.1"
dependencies = [
 "bitflags",
 "cc",
 "lazy_static",
 "libc",
]

[[package]]
name = "lazy_static"
version = "0.2.11"
source = "registry+https://github.com/rust-lang/crates.io-index"
checksum = "76f033c7ad61445c5b347c7382dd1237847eb1bce590fe50365dcb33d546be73"

[[package]]
name = "libc"
version = "0.2.73"
source = "registry+https://github.com/rust-lang/crates.io-index"
checksum = "bd7d4bd64732af4bf3a67f367c27df8520ad7e230c5817b8ff485864d80242b9"
